// !$*UTF8*$!
{
	archiveVersion = 1;
	classes = {
	};
	objectVersion = 50;
	objects = {

/* Begin PBXBuildFile section */
		301D06D429FE746A3538D30E /* Pods_Cinema.framework in Frameworks */ = {isa = PBXBuildFile; fileRef = 8CD06147627629D199FF5563 /* Pods_Cinema.framework */; };
		AA328B84216458A20038CFFF /* Utitlities.swift in Sources */ = {isa = PBXBuildFile; fileRef = AA328B83216458A20038CFFF /* Utitlities.swift */; };
		AA3CBE07215A25DD0061E88E /* User.swift in Sources */ = {isa = PBXBuildFile; fileRef = AA3CBE06215A25DD0061E88E /* User.swift */; };
		AA3CBE0B215A2FBC0061E88E /* ListFilm.swift in Sources */ = {isa = PBXBuildFile; fileRef = AA3CBE0A215A2FBC0061E88E /* ListFilm.swift */; };
		AA3F3436215B49440039EF4B /* LoginToken.swift in Sources */ = {isa = PBXBuildFile; fileRef = AA3F3435215B49440039EF4B /* LoginToken.swift */; };
		AA3F3438215B65390039EF4B /* LoginUser.swift in Sources */ = {isa = PBXBuildFile; fileRef = AA3F3437215B65390039EF4B /* LoginUser.swift */; };
		AA47259B215E09DA00D168DF /* UserVC.swift in Sources */ = {isa = PBXBuildFile; fileRef = AA47259A215E09DA00D168DF /* UserVC.swift */; };
		AA47259D215E221C00D168DF /* RegisterUser.swift in Sources */ = {isa = PBXBuildFile; fileRef = AA47259C215E221C00D168DF /* RegisterUser.swift */; };
		AA4ED910215DB9E900A6C368 /* ChiTietPhimVC.swift in Sources */ = {isa = PBXBuildFile; fileRef = AA4ED90F215DB9E900A6C368 /* ChiTietPhimVC.swift */; };
		AA7FB8F62159CD5300E778E4 /* AppDelegate.swift in Sources */ = {isa = PBXBuildFile; fileRef = AA7FB8F52159CD5300E778E4 /* AppDelegate.swift */; };
		AA7FB8F82159CD5300E778E4 /* DangNhapVC.swift in Sources */ = {isa = PBXBuildFile; fileRef = AA7FB8F72159CD5300E778E4 /* DangNhapVC.swift */; };
		AA7FB8FB2159CD5300E778E4 /* Main.storyboard in Resources */ = {isa = PBXBuildFile; fileRef = AA7FB8F92159CD5300E778E4 /* Main.storyboard */; };
		AA7FB8FD2159CD5400E778E4 /* Assets.xcassets in Resources */ = {isa = PBXBuildFile; fileRef = AA7FB8FC2159CD5400E778E4 /* Assets.xcassets */; };
		AA7FB9002159CD5400E778E4 /* LaunchScreen.storyboard in Resources */ = {isa = PBXBuildFile; fileRef = AA7FB8FE2159CD5400E778E4 /* LaunchScreen.storyboard */; };
		AA7FB9082159DF7800E778E4 /* DSPhimCell.xib in Resources */ = {isa = PBXBuildFile; fileRef = AA7FB9072159DF7800E778E4 /* DSPhimCell.xib */; };
		AA7FB90E2159E4DA00E778E4 /* DSPhimTBVC.swift in Sources */ = {isa = PBXBuildFile; fileRef = AA7FB90D2159E4DA00E778E4 /* DSPhimTBVC.swift */; };
		AA7FB9102159E50500E778E4 /* DangKyVC.swift in Sources */ = {isa = PBXBuildFile; fileRef = AA7FB90F2159E50500E778E4 /* DangKyVC.swift */; };
		AA7FB9142159E79F00E778E4 /* DSPhimCell.swift in Sources */ = {isa = PBXBuildFile; fileRef = AA7FB9132159E79F00E778E4 /* DSPhimCell.swift */; };
		AA7FB9162159F60900E778E4 /* Phim.swift in Sources */ = {isa = PBXBuildFile; fileRef = AA7FB9152159F60900E778E4 /* Phim.swift */; };
		AA855F10215B267100F03C35 /* montserrat in Resources */ = {isa = PBXBuildFile; fileRef = AA855F0F215B267100F03C35 /* montserrat */; };
		AA96D8172161C10000B46204 /* statusAPI.swift in Sources */ = {isa = PBXBuildFile; fileRef = AA96D8162161C10000B46204 /* statusAPI.swift */; };
		AAB0F1B6215F295B00FA68DC /* DSPhimUserCell.swift in Sources */ = {isa = PBXBuildFile; fileRef = AAB0F1B5215F295B00FA68DC /* DSPhimUserCell.swift */; };
		AAEE6326215C6D4300D58C40 /* Constant.swift in Sources */ = {isa = PBXBuildFile; fileRef = AAEE6325215C6D4300D58C40 /* Constant.swift */; };
		AAF70BCE215B799C00409414 /* TaoPhimVC.swift in Sources */ = {isa = PBXBuildFile; fileRef = AAF70BCD215B799C00409414 /* TaoPhimVC.swift */; };
/* End PBXBuildFile section */

/* Begin PBXFileReference section */
		5E363E3AE4C9F1E1D9F25508 /* Pods-Cinema.debug.xcconfig */ = {isa = PBXFileReference; includeInIndex = 1; lastKnownFileType = text.xcconfig; name = "Pods-Cinema.debug.xcconfig"; path = "Pods/Target Support Files/Pods-Cinema/Pods-Cinema.debug.xcconfig"; sourceTree = "<group>"; };
		8CD06147627629D199FF5563 /* Pods_Cinema.framework */ = {isa = PBXFileReference; explicitFileType = wrapper.framework; includeInIndex = 0; path = Pods_Cinema.framework; sourceTree = BUILT_PRODUCTS_DIR; };
		AA328B83216458A20038CFFF /* Utitlities.swift */ = {isa = PBXFileReference; lastKnownFileType = sourcecode.swift; path = Utitlities.swift; sourceTree = "<group>"; };
		AA3CBE06215A25DD0061E88E /* User.swift */ = {isa = PBXFileReference; lastKnownFileType = sourcecode.swift; path = User.swift; sourceTree = "<group>"; };
		AA3CBE0A215A2FBC0061E88E /* ListFilm.swift */ = {isa = PBXFileReference; lastKnownFileType = sourcecode.swift; path = ListFilm.swift; sourceTree = "<group>"; };
		AA3F3435215B49440039EF4B /* LoginToken.swift */ = {isa = PBXFileReference; lastKnownFileType = sourcecode.swift; path = LoginToken.swift; sourceTree = "<group>"; };
		AA3F3437215B65390039EF4B /* LoginUser.swift */ = {isa = PBXFileReference; lastKnownFileType = sourcecode.swift; path = LoginUser.swift; sourceTree = "<group>"; };
		AA47259A215E09DA00D168DF /* UserVC.swift */ = {isa = PBXFileReference; lastKnownFileType = sourcecode.swift; path = UserVC.swift; sourceTree = "<group>"; };
		AA47259C215E221C00D168DF /* RegisterUser.swift */ = {isa = PBXFileReference; lastKnownFileType = sourcecode.swift; path = RegisterUser.swift; sourceTree = "<group>"; };
		AA4ED90F215DB9E900A6C368 /* ChiTietPhimVC.swift */ = {isa = PBXFileReference; lastKnownFileType = sourcecode.swift; path = ChiTietPhimVC.swift; sourceTree = "<group>"; };
		AA7FB8F22159CD5300E778E4 /* Cinema.app */ = {isa = PBXFileReference; explicitFileType = wrapper.application; includeInIndex = 0; path = Cinema.app; sourceTree = BUILT_PRODUCTS_DIR; };
		AA7FB8F52159CD5300E778E4 /* AppDelegate.swift */ = {isa = PBXFileReference; lastKnownFileType = sourcecode.swift; path = AppDelegate.swift; sourceTree = "<group>"; };
		AA7FB8F72159CD5300E778E4 /* DangNhapVC.swift */ = {isa = PBXFileReference; lastKnownFileType = sourcecode.swift; path = DangNhapVC.swift; sourceTree = "<group>"; };
		AA7FB8FA2159CD5300E778E4 /* Base */ = {isa = PBXFileReference; lastKnownFileType = file.storyboard; name = Base; path = Base.lproj/Main.storyboard; sourceTree = "<group>"; };
		AA7FB8FC2159CD5400E778E4 /* Assets.xcassets */ = {isa = PBXFileReference; lastKnownFileType = folder.assetcatalog; path = Assets.xcassets; sourceTree = "<group>"; };
		AA7FB8FF2159CD5400E778E4 /* Base */ = {isa = PBXFileReference; lastKnownFileType = file.storyboard; name = Base; path = Base.lproj/LaunchScreen.storyboard; sourceTree = "<group>"; };
		AA7FB9012159CD5400E778E4 /* Info.plist */ = {isa = PBXFileReference; lastKnownFileType = text.plist.xml; path = Info.plist; sourceTree = "<group>"; };
		AA7FB9072159DF7800E778E4 /* DSPhimCell.xib */ = {isa = PBXFileReference; lastKnownFileType = file.xib; path = DSPhimCell.xib; sourceTree = "<group>"; };
		AA7FB90D2159E4DA00E778E4 /* DSPhimTBVC.swift */ = {isa = PBXFileReference; lastKnownFileType = sourcecode.swift; path = DSPhimTBVC.swift; sourceTree = "<group>"; };
		AA7FB90F2159E50500E778E4 /* DangKyVC.swift */ = {isa = PBXFileReference; lastKnownFileType = sourcecode.swift; path = DangKyVC.swift; sourceTree = "<group>"; };
		AA7FB9132159E79F00E778E4 /* DSPhimCell.swift */ = {isa = PBXFileReference; lastKnownFileType = sourcecode.swift; path = DSPhimCell.swift; sourceTree = "<group>"; };
		AA7FB9152159F60900E778E4 /* Phim.swift */ = {isa = PBXFileReference; lastKnownFileType = sourcecode.swift; path = Phim.swift; sourceTree = "<group>"; };
		AA855F0F215B267100F03C35 /* montserrat */ = {isa = PBXFileReference; lastKnownFileType = folder; path = montserrat; sourceTree = "<group>"; };
		AA96D8162161C10000B46204 /* statusAPI.swift */ = {isa = PBXFileReference; lastKnownFileType = sourcecode.swift; path = statusAPI.swift; sourceTree = "<group>"; };
		AAB0F1B5215F295B00FA68DC /* DSPhimUserCell.swift */ = {isa = PBXFileReference; lastKnownFileType = sourcecode.swift; path = DSPhimUserCell.swift; sourceTree = "<group>"; };
		AAEE6325215C6D4300D58C40 /* Constant.swift */ = {isa = PBXFileReference; lastKnownFileType = sourcecode.swift; path = Constant.swift; sourceTree = "<group>"; };
		AAF70BCD215B799C00409414 /* TaoPhimVC.swift */ = {isa = PBXFileReference; lastKnownFileType = sourcecode.swift; path = TaoPhimVC.swift; sourceTree = "<group>"; };
		D6DED22099C29B37986D7F75 /* Pods-Cinema.release.xcconfig */ = {isa = PBXFileReference; includeInIndex = 1; lastKnownFileType = text.xcconfig; name = "Pods-Cinema.release.xcconfig"; path = "Pods/Target Support Files/Pods-Cinema/Pods-Cinema.release.xcconfig"; sourceTree = "<group>"; };
/* End PBXFileReference section */

/* Begin PBXFrameworksBuildPhase section */
		AA7FB8EF2159CD5300E778E4 /* Frameworks */ = {
			isa = PBXFrameworksBuildPhase;
			buildActionMask = 2147483647;
			files = (
				301D06D429FE746A3538D30E /* Pods_Cinema.framework in Frameworks */,
			);
			runOnlyForDeploymentPostprocessing = 0;
		};
/* End PBXFrameworksBuildPhase section */

/* Begin PBXGroup section */
		2624D2E4D2A95B5E11D61F89 /* Frameworks */ = {
			isa = PBXGroup;
			children = (
				8CD06147627629D199FF5563 /* Pods_Cinema.framework */,
			);
			name = Frameworks;
			sourceTree = "<group>";
		};
		3C65D6BE4829184D1CF89E6D /* Pods */ = {
			isa = PBXGroup;
			children = (
				5E363E3AE4C9F1E1D9F25508 /* Pods-Cinema.debug.xcconfig */,
				D6DED22099C29B37986D7F75 /* Pods-Cinema.release.xcconfig */,
			);
			name = Pods;
			sourceTree = "<group>";
		};
		AA7FB8E92159CD5300E778E4 = {
			isa = PBXGroup;
			children = (
				AA7FB8F42159CD5300E778E4 /* Cinema */,
				AA7FB8F32159CD5300E778E4 /* Products */,
				3C65D6BE4829184D1CF89E6D /* Pods */,
				2624D2E4D2A95B5E11D61F89 /* Frameworks */,
			);
			sourceTree = "<group>";
		};
		AA7FB8F32159CD5300E778E4 /* Products */ = {
			isa = PBXGroup;
			children = (
				AA7FB8F22159CD5300E778E4 /* Cinema.app */,
			);
			name = Products;
			sourceTree = "<group>";
		};
		AA7FB8F42159CD5300E778E4 /* Cinema */ = {
			isa = PBXGroup;
			children = (
				AA96D8182161D48B00B46204 /* Controllers */,
				AA96D81A2161D49E00B46204 /* Views */,
				AA96D81B2161D4A400B46204 /* Modal */,
				AAD0D4782164BC410070E520 /* Third Party */,
				AA7FB8F52159CD5300E778E4 /* AppDelegate.swift */,
				AA7FB8FC2159CD5400E778E4 /* Assets.xcassets */,
				AA7FB8FE2159CD5400E778E4 /* LaunchScreen.storyboard */,
				AA7FB9012159CD5400E778E4 /* Info.plist */,
			);
			path = Cinema;
			sourceTree = "<group>";
		};
		AA96D8182161D48B00B46204 /* Controllers */ = {
			isa = PBXGroup;
			children = (
				AAB0F1B5215F295B00FA68DC /* DSPhimUserCell.swift */,
				AA7FB9132159E79F00E778E4 /* DSPhimCell.swift */,
				AA7FB90D2159E4DA00E778E4 /* DSPhimTBVC.swift */,
				AA7FB8F72159CD5300E778E4 /* DangNhapVC.swift */,
				AA7FB90F2159E50500E778E4 /* DangKyVC.swift */,
				AAF70BCD215B799C00409414 /* TaoPhimVC.swift */,
				AA4ED90F215DB9E900A6C368 /* ChiTietPhimVC.swift */,
				AA47259A215E09DA00D168DF /* UserVC.swift */,
				AA328B83216458A20038CFFF /* Utitlities.swift */,
			);
			path = Controllers;
			sourceTree = "<group>";
		};
		AA96D81A2161D49E00B46204 /* Views */ = {
			isa = PBXGroup;
			children = (
				AA7FB9072159DF7800E778E4 /* DSPhimCell.xib */,
				AA7FB8F92159CD5300E778E4 /* Main.storyboard */,
			);
			path = Views;
			sourceTree = "<group>";
		};
		AA96D81B2161D4A400B46204 /* Modal */ = {
			isa = PBXGroup;
			children = (
				AA47259C215E221C00D168DF /* RegisterUser.swift */,
				AA3CBE06215A25DD0061E88E /* User.swift */,
				AA3CBE0A215A2FBC0061E88E /* ListFilm.swift */,
				AA3F3435215B49440039EF4B /* LoginToken.swift */,
				AA3F3437215B65390039EF4B /* LoginUser.swift */,
				AA96D8162161C10000B46204 /* statusAPI.swift */,
				AA7FB9152159F60900E778E4 /* Phim.swift */,
				AAEE6325215C6D4300D58C40 /* Constant.swift */,
			);
			path = Modal;
			sourceTree = "<group>";
		};
		AAD0D4782164BC410070E520 /* Third Party */ = {
			isa = PBXGroup;
			children = (
				AA855F0F215B267100F03C35 /* montserrat */,
			);
			path = "Third Party";
			sourceTree = "<group>";
		};
/* End PBXGroup section */

/* Begin PBXNativeTarget section */
		AA7FB8F12159CD5300E778E4 /* Cinema */ = {
			isa = PBXNativeTarget;
			buildConfigurationList = AA7FB9042159CD5400E778E4 /* Build configuration list for PBXNativeTarget "Cinema" */;
			buildPhases = (
				C823168434F5DB9FDA124361 /* [CP] Check Pods Manifest.lock */,
				AA7FB8EE2159CD5300E778E4 /* Sources */,
				AA7FB8EF2159CD5300E778E4 /* Frameworks */,
				AA7FB8F02159CD5300E778E4 /* Resources */,
				29005CB809193892E43A407F /* [CP] Embed Pods Frameworks */,
			);
			buildRules = (
			);
			dependencies = (
			);
			name = Cinema;
			productName = Cinema;
			productReference = AA7FB8F22159CD5300E778E4 /* Cinema.app */;
			productType = "com.apple.product-type.application";
		};
/* End PBXNativeTarget section */

/* Begin PBXProject section */
		AA7FB8EA2159CD5300E778E4 /* Project object */ = {
			isa = PBXProject;
			attributes = {
				LastSwiftUpdateCheck = 1000;
				LastUpgradeCheck = 1000;
				ORGANIZATIONNAME = ChinhDat;
				TargetAttributes = {
					AA7FB8F12159CD5300E778E4 = {
						CreatedOnToolsVersion = 10.0;
					};
				};
			};
			buildConfigurationList = AA7FB8ED2159CD5300E778E4 /* Build configuration list for PBXProject "Cinema" */;
			compatibilityVersion = "Xcode 9.3";
			developmentRegion = en;
			hasScannedForEncodings = 0;
			knownRegions = (
				en,
				Base,
			);
			mainGroup = AA7FB8E92159CD5300E778E4;
			productRefGroup = AA7FB8F32159CD5300E778E4 /* Products */;
			projectDirPath = "";
			projectRoot = "";
			targets = (
				AA7FB8F12159CD5300E778E4 /* Cinema */,
			);
		};
/* End PBXProject section */

/* Begin PBXResourcesBuildPhase section */
		AA7FB8F02159CD5300E778E4 /* Resources */ = {
			isa = PBXResourcesBuildPhase;
			buildActionMask = 2147483647;
			files = (
				AA7FB9002159CD5400E778E4 /* LaunchScreen.storyboard in Resources */,
				AA7FB8FD2159CD5400E778E4 /* Assets.xcassets in Resources */,
				AA855F10215B267100F03C35 /* montserrat in Resources */,
				AA7FB9082159DF7800E778E4 /* DSPhimCell.xib in Resources */,
				AA7FB8FB2159CD5300E778E4 /* Main.storyboard in Resources */,
			);
			runOnlyForDeploymentPostprocessing = 0;
		};
/* End PBXResourcesBuildPhase section */

/* Begin PBXShellScriptBuildPhase section */
		29005CB809193892E43A407F /* [CP] Embed Pods Frameworks */ = {
			isa = PBXShellScriptBuildPhase;
			buildActionMask = 2147483647;
			files = (
			);
			inputPaths = (
				"${SRCROOT}/Pods/Target Support Files/Pods-Cinema/Pods-Cinema-frameworks.sh",
				"${BUILT_PRODUCTS_DIR}/Alamofire/Alamofire.framework",
				"${BUILT_PRODUCTS_DIR}/HSDatePickerViewController/HSDatePickerViewController.framework",
				"${BUILT_PRODUCTS_DIR}/SDWebImage/SDWebImage.framework",
				"${BUILT_PRODUCTS_DIR}/Toast/Toast.framework",
			);
			name = "[CP] Embed Pods Frameworks";
			outputPaths = (
				"${TARGET_BUILD_DIR}/${FRAMEWORKS_FOLDER_PATH}/Alamofire.framework",
				"${TARGET_BUILD_DIR}/${FRAMEWORKS_FOLDER_PATH}/HSDatePickerViewController.framework",
				"${TARGET_BUILD_DIR}/${FRAMEWORKS_FOLDER_PATH}/SDWebImage.framework",
				"${TARGET_BUILD_DIR}/${FRAMEWORKS_FOLDER_PATH}/Toast.framework",
			);
			runOnlyForDeploymentPostprocessing = 0;
			shellPath = /bin/sh;
			shellScript = "\"${SRCROOT}/Pods/Target Support Files/Pods-Cinema/Pods-Cinema-frameworks.sh\"\n";
			showEnvVarsInLog = 0;
		};
		C823168434F5DB9FDA124361 /* [CP] Check Pods Manifest.lock */ = {
			isa = PBXShellScriptBuildPhase;
			buildActionMask = 2147483647;
			files = (
			);
			inputPaths = (
				"${PODS_PODFILE_DIR_PATH}/Podfile.lock",
				"${PODS_ROOT}/Manifest.lock",
			);
			name = "[CP] Check Pods Manifest.lock";
			outputPaths = (
				"$(DERIVED_FILE_DIR)/Pods-Cinema-checkManifestLockResult.txt",
			);
			runOnlyForDeploymentPostprocessing = 0;
			shellPath = /bin/sh;
			shellScript = "diff \"${PODS_PODFILE_DIR_PATH}/Podfile.lock\" \"${PODS_ROOT}/Manifest.lock\" > /dev/null\nif [ $? != 0 ] ; then\n    # print error to STDERR\n    echo \"error: The sandbox is not in sync with the Podfile.lock. Run 'pod install' or update your CocoaPods installation.\" >&2\n    exit 1\nfi\n# This output is used by Xcode 'outputs' to avoid re-running this script phase.\necho \"SUCCESS\" > \"${SCRIPT_OUTPUT_FILE_0}\"\n";
			showEnvVarsInLog = 0;
		};
/* End PBXShellScriptBuildPhase section */

/* Begin PBXSourcesBuildPhase section */
		AA7FB8EE2159CD5300E778E4 /* Sources */ = {
			isa = PBXSourcesBuildPhase;
			buildActionMask = 2147483647;
			files = (
				AA4ED910215DB9E900A6C368 /* ChiTietPhimVC.swift in Sources */,
				AA328B84216458A20038CFFF /* Utitlities.swift in Sources */,
				AA7FB9102159E50500E778E4 /* DangKyVC.swift in Sources */,
				AA3CBE0B215A2FBC0061E88E /* ListFilm.swift in Sources */,
				AAB0F1B6215F295B00FA68DC /* DSPhimUserCell.swift in Sources */,
				AA96D8172161C10000B46204 /* statusAPI.swift in Sources */,
				AA7FB9162159F60900E778E4 /* Phim.swift in Sources */,
				AA3F3436215B49440039EF4B /* LoginToken.swift in Sources */,
				AA7FB8F82159CD5300E778E4 /* DangNhapVC.swift in Sources */,
				AA7FB9142159E79F00E778E4 /* DSPhimCell.swift in Sources */,
				AA47259B215E09DA00D168DF /* UserVC.swift in Sources */,
				AA3F3438215B65390039EF4B /* LoginUser.swift in Sources */,
				AA7FB8F62159CD5300E778E4 /* AppDelegate.swift in Sources */,
				AA47259D215E221C00D168DF /* RegisterUser.swift in Sources */,
				AAF70BCE215B799C00409414 /* TaoPhimVC.swift in Sources */,
				AA7FB90E2159E4DA00E778E4 /* DSPhimTBVC.swift in Sources */,
				AA3CBE07215A25DD0061E88E /* User.swift in Sources */,
				AAEE6326215C6D4300D58C40 /* Constant.swift in Sources */,
			);
			runOnlyForDeploymentPostprocessing = 0;
		};
/* End PBXSourcesBuildPhase section */

/* Begin PBXVariantGroup section */
		AA7FB8F92159CD5300E778E4 /* Main.storyboard */ = {
			isa = PBXVariantGroup;
			children = (
				AA7FB8FA2159CD5300E778E4 /* Base */,
			);
			name = Main.storyboard;
			sourceTree = "<group>";
		};
		AA7FB8FE2159CD5400E778E4 /* LaunchScreen.storyboard */ = {
			isa = PBXVariantGroup;
			children = (
				AA7FB8FF2159CD5400E778E4 /* Base */,
			);
			name = LaunchScreen.storyboard;
			sourceTree = "<group>";
		};
/* End PBXVariantGroup section */

/* Begin XCBuildConfiguration section */
		AA7FB9022159CD5400E778E4 /* Debug */ = {
			isa = XCBuildConfiguration;
			buildSettings = {
				ALWAYS_SEARCH_USER_PATHS = NO;
				CLANG_ANALYZER_NONNULL = YES;
				CLANG_ANALYZER_NUMBER_OBJECT_CONVERSION = YES_AGGRESSIVE;
				CLANG_CXX_LANGUAGE_STANDARD = "gnu++14";
				CLANG_CXX_LIBRARY = "libc++";
				CLANG_ENABLE_MODULES = YES;
				CLANG_ENABLE_OBJC_ARC = YES;
				CLANG_ENABLE_OBJC_WEAK = YES;
				CLANG_WARN_BLOCK_CAPTURE_AUTORELEASING = YES;
				CLANG_WARN_BOOL_CONVERSION = YES;
				CLANG_WARN_COMMA = YES;
				CLANG_WARN_CONSTANT_CONVERSION = YES;
				CLANG_WARN_DEPRECATED_OBJC_IMPLEMENTATIONS = YES;
				CLANG_WARN_DIRECT_OBJC_ISA_USAGE = YES_ERROR;
				CLANG_WARN_DOCUMENTATION_COMMENTS = YES;
				CLANG_WARN_EMPTY_BODY = YES;
				CLANG_WARN_ENUM_CONVERSION = YES;
				CLANG_WARN_INFINITE_RECURSION = YES;
				CLANG_WARN_INT_CONVERSION = YES;
				CLANG_WARN_NON_LITERAL_NULL_CONVERSION = YES;
				CLANG_WARN_OBJC_IMPLICIT_RETAIN_SELF = YES;
				CLANG_WARN_OBJC_LITERAL_CONVERSION = YES;
				CLANG_WARN_OBJC_ROOT_CLASS = YES_ERROR;
				CLANG_WARN_RANGE_LOOP_ANALYSIS = YES;
				CLANG_WARN_STRICT_PROTOTYPES = YES;
				CLANG_WARN_SUSPICIOUS_MOVE = YES;
				CLANG_WARN_UNGUARDED_AVAILABILITY = YES_AGGRESSIVE;
				CLANG_WARN_UNREACHABLE_CODE = YES;
				CLANG_WARN__DUPLICATE_METHOD_MATCH = YES;
				CODE_SIGN_IDENTITY = "iPhone Developer";
				COPY_PHASE_STRIP = NO;
				DEBUG_INFORMATION_FORMAT = dwarf;
				ENABLE_STRICT_OBJC_MSGSEND = YES;
				ENABLE_TESTABILITY = YES;
				GCC_C_LANGUAGE_STANDARD = gnu11;
				GCC_DYNAMIC_NO_PIC = NO;
				GCC_NO_COMMON_BLOCKS = YES;
				GCC_OPTIMIZATION_LEVEL = 0;
				GCC_PREPROCESSOR_DEFINITIONS = (
					"DEBUG=1",
					"$(inherited)",
				);
				GCC_WARN_64_TO_32_BIT_CONVERSION = YES;
				GCC_WARN_ABOUT_RETURN_TYPE = YES_ERROR;
				GCC_WARN_UNDECLARED_SELECTOR = YES;
				GCC_WARN_UNINITIALIZED_AUTOS = YES_AGGRESSIVE;
				GCC_WARN_UNUSED_FUNCTION = YES;
				GCC_WARN_UNUSED_VARIABLE = YES;
				IPHONEOS_DEPLOYMENT_TARGET = 11.4;
				MTL_ENABLE_DEBUG_INFO = INCLUDE_SOURCE;
				MTL_FAST_MATH = YES;
				ONLY_ACTIVE_ARCH = YES;
				SDKROOT = iphoneos;
				SWIFT_ACTIVE_COMPILATION_CONDITIONS = DEBUG;
				SWIFT_OPTIMIZATION_LEVEL = "-Onone";
			};
			name = Debug;
		};
		AA7FB9032159CD5400E778E4 /* Release */ = {
			isa = XCBuildConfiguration;
			buildSettings = {
				ALWAYS_SEARCH_USER_PATHS = NO;
				CLANG_ANALYZER_NONNULL = YES;
				CLANG_ANALYZER_NUMBER_OBJECT_CONVERSION = YES_AGGRESSIVE;
				CLANG_CXX_LANGUAGE_STANDARD = "gnu++14";
				CLANG_CXX_LIBRARY = "libc++";
				CLANG_ENABLE_MODULES = YES;
				CLANG_ENABLE_OBJC_ARC = YES;
				CLANG_ENABLE_OBJC_WEAK = YES;
				CLANG_WARN_BLOCK_CAPTURE_AUTORELEASING = YES;
				CLANG_WARN_BOOL_CONVERSION = YES;
				CLANG_WARN_COMMA = YES;
				CLANG_WARN_CONSTANT_CONVERSION = YES;
				CLANG_WARN_DEPRECATED_OBJC_IMPLEMENTATIONS = YES;
				CLANG_WARN_DIRECT_OBJC_ISA_USAGE = YES_ERROR;
				CLANG_WARN_DOCUMENTATION_COMMENTS = YES;
				CLANG_WARN_EMPTY_BODY = YES;
				CLANG_WARN_ENUM_CONVERSION = YES;
				CLANG_WARN_INFINITE_RECURSION = YES;
				CLANG_WARN_INT_CONVERSION = YES;
				CLANG_WARN_NON_LITERAL_NULL_CONVERSION = YES;
				CLANG_WARN_OBJC_IMPLICIT_RETAIN_SELF = YES;
				CLANG_WARN_OBJC_LITERAL_CONVERSION = YES;
				CLANG_WARN_OBJC_ROOT_CLASS = YES_ERROR;
				CLANG_WARN_RANGE_LOOP_ANALYSIS = YES;
				CLANG_WARN_STRICT_PROTOTYPES = YES;
				CLANG_WARN_SUSPICIOUS_MOVE = YES;
				CLANG_WARN_UNGUARDED_AVAILABILITY = YES_AGGRESSIVE;
				CLANG_WARN_UNREACHABLE_CODE = YES;
				CLANG_WARN__DUPLICATE_METHOD_MATCH = YES;
				CODE_SIGN_IDENTITY = "iPhone Developer";
				COPY_PHASE_STRIP = NO;
				DEBUG_INFORMATION_FORMAT = "dwarf-with-dsym";
				ENABLE_NS_ASSERTIONS = NO;
				ENABLE_STRICT_OBJC_MSGSEND = YES;
				GCC_C_LANGUAGE_STANDARD = gnu11;
				GCC_NO_COMMON_BLOCKS = YES;
				GCC_WARN_64_TO_32_BIT_CONVERSION = YES;
				GCC_WARN_ABOUT_RETURN_TYPE = YES_ERROR;
				GCC_WARN_UNDECLARED_SELECTOR = YES;
				GCC_WARN_UNINITIALIZED_AUTOS = YES_AGGRESSIVE;
				GCC_WARN_UNUSED_FUNCTION = YES;
				GCC_WARN_UNUSED_VARIABLE = YES;
				IPHONEOS_DEPLOYMENT_TARGET = 11.4;
				MTL_ENABLE_DEBUG_INFO = NO;
				MTL_FAST_MATH = YES;
				SDKROOT = iphoneos;
				SWIFT_COMPILATION_MODE = wholemodule;
				SWIFT_OPTIMIZATION_LEVEL = "-O";
				VALIDATE_PRODUCT = YES;
			};
			name = Release;
		};
		AA7FB9052159CD5400E778E4 /* Debug */ = {
			isa = XCBuildConfiguration;
			baseConfigurationReference = 5E363E3AE4C9F1E1D9F25508 /* Pods-Cinema.debug.xcconfig */;
			buildSettings = {
				ASSETCATALOG_COMPILER_APPICON_NAME = AppIcon;
				CODE_SIGN_STYLE = Automatic;
				DEVELOPMENT_TEAM = 2R6U9FW862;
				INFOPLIST_FILE = Cinema/Info.plist;
				LD_RUNPATH_SEARCH_PATHS = (
					"$(inherited)",
					"@executable_path/Frameworks",
				);
				PRODUCT_BUNDLE_IDENTIFIER = com.ChinhDat.Cinema;
				PRODUCT_NAME = "$(TARGET_NAME)";
				SWIFT_VERSION = 4.2;
				TARGETED_DEVICE_FAMILY = "1,2";
			};
			name = Debug;
		};
		AA7FB9062159CD5400E778E4 /* Release */ = {
			isa = XCBuildConfiguration;
			baseConfigurationReference = D6DED22099C29B37986D7F75 /* Pods-Cinema.release.xcconfig */;
			buildSettings = {
				ASSETCATALOG_COMPILER_APPICON_NAME = AppIcon;
				CODE_SIGN_STYLE = Automatic;
				DEVELOPMENT_TEAM = 2R6U9FW862;
				INFOPLIST_FILE = Cinema/Info.plist;
				LD_RUNPATH_SEARCH_PATHS = (
					"$(inherited)",
					"@executable_path/Frameworks",
				);
				PRODUCT_BUNDLE_IDENTIFIER = com.ChinhDat.Cinema;
				PRODUCT_NAME = "$(TARGET_NAME)";
				SWIFT_VERSION = 4.2;
				TARGETED_DEVICE_FAMILY = "1,2";
			};
			name = Release;
		};
/* End XCBuildConfiguration section */

/* Begin XCConfigurationList section */
		AA7FB8ED2159CD5300E778E4 /* Build configuration list for PBXProject "Cinema" */ = {
			isa = XCConfigurationList;
			buildConfigurations = (
				AA7FB9022159CD5400E778E4 /* Debug */,
				AA7FB9032159CD5400E778E4 /* Release */,
			);
			defaultConfigurationIsVisible = 0;
			defaultConfigurationName = Release;
		};
		AA7FB9042159CD5400E778E4 /* Build configuration list for PBXNativeTarget "Cinema" */ = {
			isa = XCConfigurationList;
			buildConfigurations = (
				AA7FB9052159CD5400E778E4 /* Debug */,
				AA7FB9062159CD5400E778E4 /* Release */,
			);
			defaultConfigurationIsVisible = 0;
			defaultConfigurationName = Release;
		};
/* End XCConfigurationList section */
	};
	rootObject = AA7FB8EA2159CD5300E778E4 /* Project object */;
}
